
Microsoft Visual Studio Solution File, Format Version 12.00
# Visual Studio Version 17
VisualStudioVersion = 17.1.32228.430
MinimumVisualStudioVersion = 10.0.40219.1
Project("{FAE04EC0-301F-11D3-BF4B-00C04F79EFBC}") = "BlazorJavascript", "BlazorJavascript.csproj", "{3A992517-D24F-45DC-8B12-BD69EF8B9545}"
EndProject
Global
	GlobalSection(SolutionConfigurationPlatforms) = preSolution
		Debug|Any CPU = Debug|Any CPU
		Release|Any CPU = Release|Any CPU
	EndGlobalSection
	GlobalSection(ProjectConfigurationPlatforms) = postSolution
		{3A992517-D24F-45DC-8B12-BD69EF8B9545}.Debug|Any CPU.ActiveCfg = Debug|Any CPU
		{3A992517-D24F-45DC-8B12-BD69EF8B9545}.Debug|Any CPU.Build.0 = Debug|Any CPU
		{3A992517-D24F-45DC-8B12-BD69EF8B9545}.Release|Any CPU.ActiveCfg = Release|Any CPU
		{3A992517-D24F-45DC-8B12-BD69EF8B9545}.Release|Any CPU.Build.0 = Release|Any CPU
	EndGlobalSection
	GlobalSection(SolutionProperties) = preSolution
		HideSolutionNode = FALSE
	EndGlobalSection
	GlobalSection(ExtensibilityGlobals) = postSolution
		SolutionGuid = {5C5034D9-C293-4D1D-99F2-7B67BBA17308}
	EndGlobalSection
EndGlobal
