
Microsoft Visual Studio Solution File, Format Version 12.00
# Visual Studio Version 17
VisualStudioVersion = 17.0.32112.339
MinimumVisualStudioVersion = 10.0.40219.1
Project("{FAE04EC0-301F-11D3-BF4B-00C04F79EFBC}") = "BlazorAppServer", "BlazorAppServer\BlazorAppServer.csproj", "{07D3C5C6-B5F8-4CF7-9A6D-6273A39A28AC}"
EndProject
Project("{FAE04EC0-301F-11D3-BF4B-00C04F79EFBC}") = "BlazorAppWasm.Server", "BlazorAppWasm\Server\BlazorAppWasm.Server.csproj", "{29C33047-E9DF-420C-A827-1C542AE16094}"
EndProject
Project("{FAE04EC0-301F-11D3-BF4B-00C04F79EFBC}") = "BlazorAppWasm.Client", "BlazorAppWasm\Client\BlazorAppWasm.Client.csproj", "{AFD6CDC8-E335-4C31-8315-16825D3BA48E}"
EndProject
Project("{FAE04EC0-301F-11D3-BF4B-00C04F79EFBC}") = "BlazorAppWasm.Shared", "BlazorAppWasm\Shared\BlazorAppWasm.Shared.csproj", "{EB12D554-A769-4434-84BA-0F6B354E5CD6}"
EndProject
Project("{2150E333-8FDC-42A3-9474-1A3956D46DE8}") = "Server", "Server", "{C3E1BB88-80FD-4C79-8136-0DC278A73D66}"
EndProject
Project("{2150E333-8FDC-42A3-9474-1A3956D46DE8}") = "Hosted", "Hosted", "{B2BD445C-3A05-47AD-B8F8-A7A8202A837D}"
EndProject
Project("{2150E333-8FDC-42A3-9474-1A3956D46DE8}") = "Wasm", "Wasm", "{122AB9F0-BF96-4A8F-9505-F6C7494AD4B6}"
EndProject
Project("{FAE04EC0-301F-11D3-BF4B-00C04F79EFBC}") = "BlazorAppWasmClient", "BlazorAppWasmClient\BlazorAppWasmClient.csproj", "{3B3729C3-3D22-4A6A-9257-9E796E3FC4DF}"
EndProject
Global
	GlobalSection(SolutionConfigurationPlatforms) = preSolution
		Debug|Any CPU = Debug|Any CPU
		Release|Any CPU = Release|Any CPU
	EndGlobalSection
	GlobalSection(ProjectConfigurationPlatforms) = postSolution
		{07D3C5C6-B5F8-4CF7-9A6D-6273A39A28AC}.Debug|Any CPU.ActiveCfg = Debug|Any CPU
		{07D3C5C6-B5F8-4CF7-9A6D-6273A39A28AC}.Debug|Any CPU.Build.0 = Debug|Any CPU
		{07D3C5C6-B5F8-4CF7-9A6D-6273A39A28AC}.Release|Any CPU.ActiveCfg = Release|Any CPU
		{07D3C5C6-B5F8-4CF7-9A6D-6273A39A28AC}.Release|Any CPU.Build.0 = Release|Any CPU
		{29C33047-E9DF-420C-A827-1C542AE16094}.Debug|Any CPU.ActiveCfg = Debug|Any CPU
		{29C33047-E9DF-420C-A827-1C542AE16094}.Debug|Any CPU.Build.0 = Debug|Any CPU
		{29C33047-E9DF-420C-A827-1C542AE16094}.Release|Any CPU.ActiveCfg = Release|Any CPU
		{29C33047-E9DF-420C-A827-1C542AE16094}.Release|Any CPU.Build.0 = Release|Any CPU
		{AFD6CDC8-E335-4C31-8315-16825D3BA48E}.Debug|Any CPU.ActiveCfg = Debug|Any CPU
		{AFD6CDC8-E335-4C31-8315-16825D3BA48E}.Debug|Any CPU.Build.0 = Debug|Any CPU
		{AFD6CDC8-E335-4C31-8315-16825D3BA48E}.Release|Any CPU.ActiveCfg = Release|Any CPU
		{AFD6CDC8-E335-4C31-8315-16825D3BA48E}.Release|Any CPU.Build.0 = Release|Any CPU
		{EB12D554-A769-4434-84BA-0F6B354E5CD6}.Debug|Any CPU.ActiveCfg = Debug|Any CPU
		{EB12D554-A769-4434-84BA-0F6B354E5CD6}.Debug|Any CPU.Build.0 = Debug|Any CPU
		{EB12D554-A769-4434-84BA-0F6B354E5CD6}.Release|Any CPU.ActiveCfg = Release|Any CPU
		{EB12D554-A769-4434-84BA-0F6B354E5CD6}.Release|Any CPU.Build.0 = Release|Any CPU
		{3B3729C3-3D22-4A6A-9257-9E796E3FC4DF}.Debug|Any CPU.ActiveCfg = Debug|Any CPU
		{3B3729C3-3D22-4A6A-9257-9E796E3FC4DF}.Debug|Any CPU.Build.0 = Debug|Any CPU
		{3B3729C3-3D22-4A6A-9257-9E796E3FC4DF}.Release|Any CPU.ActiveCfg = Release|Any CPU
		{3B3729C3-3D22-4A6A-9257-9E796E3FC4DF}.Release|Any CPU.Build.0 = Release|Any CPU
	EndGlobalSection
	GlobalSection(SolutionProperties) = preSolution
		HideSolutionNode = FALSE
	EndGlobalSection
	GlobalSection(NestedProjects) = preSolution
		{07D3C5C6-B5F8-4CF7-9A6D-6273A39A28AC} = {C3E1BB88-80FD-4C79-8136-0DC278A73D66}
		{29C33047-E9DF-420C-A827-1C542AE16094} = {B2BD445C-3A05-47AD-B8F8-A7A8202A837D}
		{AFD6CDC8-E335-4C31-8315-16825D3BA48E} = {B2BD445C-3A05-47AD-B8F8-A7A8202A837D}
		{EB12D554-A769-4434-84BA-0F6B354E5CD6} = {B2BD445C-3A05-47AD-B8F8-A7A8202A837D}
		{3B3729C3-3D22-4A6A-9257-9E796E3FC4DF} = {122AB9F0-BF96-4A8F-9505-F6C7494AD4B6}
	EndGlobalSection
	GlobalSection(ExtensibilityGlobals) = postSolution
		SolutionGuid = {E6017E69-2F40-4531-AA58-C84EC7FB5951}
	EndGlobalSection
EndGlobal
