
Microsoft Visual Studio Solution File, Format Version 12.00
# Visual Studio Version 17
VisualStudioVersion = 17.0.32112.339
MinimumVisualStudioVersion = 10.0.40219.1
Project("{9A19103F-16F7-4668-BE54-9A1E7A4F7556}") = "RoutingSample", "RoutingSample\RoutingSample.csproj", "{C1B7B357-05F9-4CFA-81BB-0862DD578422}"
EndProject
Project("{FAE04EC0-301F-11D3-BF4B-00C04F79EFBC}") = "HotReloadApp", "HotReloadApp\HotReloadApp.csproj", "{50E170D8-4F59-4E23-89A8-1EC9C3BBFDB9}"
EndProject
Global
	GlobalSection(SolutionConfigurationPlatforms) = preSolution
		Debug|Any CPU = Debug|Any CPU
		Release|Any CPU = Release|Any CPU
	EndGlobalSection
	GlobalSection(ProjectConfigurationPlatforms) = postSolution
		{C1B7B357-05F9-4CFA-81BB-0862DD578422}.Debug|Any CPU.ActiveCfg = Debug|Any CPU
		{C1B7B357-05F9-4CFA-81BB-0862DD578422}.Debug|Any CPU.Build.0 = Debug|Any CPU
		{C1B7B357-05F9-4CFA-81BB-0862DD578422}.Release|Any CPU.ActiveCfg = Release|Any CPU
		{C1B7B357-05F9-4CFA-81BB-0862DD578422}.Release|Any CPU.Build.0 = Release|Any CPU
		{50E170D8-4F59-4E23-89A8-1EC9C3BBFDB9}.Debug|Any CPU.ActiveCfg = Debug|Any CPU
		{50E170D8-4F59-4E23-89A8-1EC9C3BBFDB9}.Debug|Any CPU.Build.0 = Debug|Any CPU
		{50E170D8-4F59-4E23-89A8-1EC9C3BBFDB9}.Release|Any CPU.ActiveCfg = Release|Any CPU
		{50E170D8-4F59-4E23-89A8-1EC9C3BBFDB9}.Release|Any CPU.Build.0 = Release|Any CPU
	EndGlobalSection
	GlobalSection(SolutionProperties) = preSolution
		HideSolutionNode = FALSE
	EndGlobalSection
	GlobalSection(ExtensibilityGlobals) = postSolution
		SolutionGuid = {3B10E3EB-C8C9-4492-8237-3D9BD13FC6BF}
	EndGlobalSection
EndGlobal
