
Microsoft Visual Studio Solution File, Format Version 12.00
# Visual Studio Version 17
VisualStudioVersion = 17.1.32228.430
MinimumVisualStudioVersion = 10.0.40219.1
Project("{9A19103F-16F7-4668-BE54-9A1E7A4F7556}") = "StorageMicrofrontend", "StorageMicrofrontend.csproj", "{F0B817ED-43F0-4F9C-A12E-BF15EE1AF433}"
EndProject
Project("{9A19103F-16F7-4668-BE54-9A1E7A4F7556}") = "Reciclo", "..\Reciclo\Reciclo.csproj", "{160C96C4-D904-4FA5-BE53-6BCFF5D5B0AD}"
EndProject
Global
	GlobalSection(SolutionConfigurationPlatforms) = preSolution
		Debug|Any CPU = Debug|Any CPU
		Release|Any CPU = Release|Any CPU
	EndGlobalSection
	GlobalSection(ProjectConfigurationPlatforms) = postSolution
		{F0B817ED-43F0-4F9C-A12E-BF15EE1AF433}.Debug|Any CPU.ActiveCfg = Debug|Any CPU
		{F0B817ED-43F0-4F9C-A12E-BF15EE1AF433}.Debug|Any CPU.Build.0 = Debug|Any CPU
		{F0B817ED-43F0-4F9C-A12E-BF15EE1AF433}.Release|Any CPU.ActiveCfg = Release|Any CPU
		{F0B817ED-43F0-4F9C-A12E-BF15EE1AF433}.Release|Any CPU.Build.0 = Release|Any CPU
		{160C96C4-D904-4FA5-BE53-6BCFF5D5B0AD}.Debug|Any CPU.ActiveCfg = Debug|Any CPU
		{160C96C4-D904-4FA5-BE53-6BCFF5D5B0AD}.Debug|Any CPU.Build.0 = Debug|Any CPU
		{160C96C4-D904-4FA5-BE53-6BCFF5D5B0AD}.Release|Any CPU.ActiveCfg = Release|Any CPU
		{160C96C4-D904-4FA5-BE53-6BCFF5D5B0AD}.Release|Any CPU.Build.0 = Release|Any CPU
	EndGlobalSection
	GlobalSection(SolutionProperties) = preSolution
		HideSolutionNode = FALSE
	EndGlobalSection
	GlobalSection(ExtensibilityGlobals) = postSolution
		SolutionGuid = {23ECF0AF-F97B-4BCC-9217-3427C32CB4BD}
	EndGlobalSection
EndGlobal
